Microsoft Visual Studio Solution File, Format Version 11.00
# Visual Studio 2010
Project("{FAE04EC0-301F-11D3-BF4B-00C04F79EFBC}") = "CSToCppXMLBinder", "CSToCppXMLBinder\CSToCppXMLBinder.csproj", "{F5DDA7D5-B5CC-47DF-923B-55049170C0D0}"
EndProject
Project("{8BC9CEB8-8B4A-11D0-8D11-00A0C91BC942}") = "DNP3", "DNP3\DNP3.vcxproj", "{E053E7ED-F462-4DE0-8D69-6D97045FFB25}"
EndProject
Project("{8BC9CEB8-8B4A-11D0-8D11-00A0C91BC942}") = "DNP3Test", "DNP3Test\DNP3Test.vcxproj", "{893D4C53-0729-480D-8F40-75E7139224DF}"
EndProject
Project("{8BC9CEB8-8B4A-11D0-8D11-00A0C91BC942}") = "TestSet", "TestSet\TestSet.vcxproj", "{DE526D6F-CE9C-47E4-8783-12344FDBF581}"
EndProject
Project("{8BC9CEB8-8B4A-11D0-8D11-00A0C91BC942}") = "DNP3XML", "DNP3XML\DNP3XML.vcxproj", "{547D1F36-8A34-4C48-B16D-9C3D60EFA505}"
EndProject
Project("{8BC9CEB8-8B4A-11D0-8D11-00A0C91BC942}") = "tinyxml", "tinyxml\tinyxml.vcxproj", "{220D8EB8-6C0C-416C-8BBB-F554431C29CD}"
EndProject
Project("{8BC9CEB8-8B4A-11D0-8D11-00A0C91BC942}") = "Terminal", "Terminal\Terminal.vcxproj", "{FB9D36B0-102F-4E11-BF45-C80A3709D098}"
EndProject
Project("{8BC9CEB8-8B4A-11D0-8D11-00A0C91BC942}") = "TerminalTest", "TerminalTest\TerminalTest.vcxproj", "{6AB7896D-E692-4075-9396-9B1C7AE6F704}"
EndProject
Project("{8BC9CEB8-8B4A-11D0-8D11-00A0C91BC942}") = "APL", "APL\APL.vcxproj", "{761218B0-F2B7-42DA-9C9B-413FA34886DF}"
EndProject
Project("{8BC9CEB8-8B4A-11D0-8D11-00A0C91BC942}") = "APLTestTools", "APLTestTools\APLTestTools.vcxproj", "{41D4B22B-F06E-4230-9AA8-3BFF096CC710}"
EndProject
Project("{8BC9CEB8-8B4A-11D0-8D11-00A0C91BC942}") = "APLTest", "TestAPL\TestAPL.vcxproj", "{9BCA9E3F-3974-4B32-883D-9115160E4051}"
EndProject
Project("{8BC9CEB8-8B4A-11D0-8D11-00A0C91BC942}") = "XMLBindings", "XMLBindings\XMLBindings.vcxproj", "{F1EB4FCC-3299-4574-AEA2-19B61F35966D}"
EndProject
Project("{8BC9CEB8-8B4A-11D0-8D11-00A0C91BC942}") = "APLXML", "APLXML\APLXML.vcxproj", "{91323793-8551-4484-83DC-21AC9C18BD2E}"
EndProject
Project("{8BC9CEB8-8B4A-11D0-8D11-00A0C91BC942}") = "DNP3Java", "DNP3Java\DNP3Java.vcxproj", "{ADDD6B3A-FFAE-4534-B27B-2795CEE8D2AD}"
EndProject
Project("{54435603-DBB4-11D2-8724-00A0C9A8B90C}") = "TestSetInstaller", "TestSetInstaller\TestSetInstaller.vdproj", "{9FAD9888-9441-4ACF-8750-90AFEA9F938A}"
EndProject
Project("{2150E333-8FDC-42A3-9474-1A3956D46DE8}") = "demos", "demos", "{CE05D40B-B770-42DB-91AE-BC14AAF7A413}"
EndProject
Project("{8BC9CEB8-8B4A-11D0-8D11-00A0C91BC942}") = "SlaveDemo", "demos\slave-cpp\SlaveDemo.vcxproj", "{9C4EC600-DE0F-4042-BE12-F4BAF605A49C}"
EndProject
Project("{8BC9CEB8-8B4A-11D0-8D11-00A0C91BC942}") = "MasterDemo", "demos\master-cpp\MasterDemo.vcxproj", "{02A532F5-D728-41F6-B3B8-19823DD20CD5}"
EndProject
Project("{8BC9CEB8-8B4A-11D0-8D11-00A0C91BC942}") = "DNPDotNet", "DNPDotNet\DNPDotNet.vcxproj", "{686B212F-3FE0-455A-B78B-0980D9F2F837}"
	ProjectSection(ProjectDependencies) = postProject
		{761218B0-F2B7-42DA-9C9B-413FA34886DF} = {761218B0-F2B7-42DA-9C9B-413FA34886DF}
		{E053E7ED-F462-4DE0-8D69-6D97045FFB25} = {E053E7ED-F462-4DE0-8D69-6D97045FFB25}
	EndProjectSection
EndProject
Project("{FAE04EC0-301F-11D3-BF4B-00C04F79EFBC}") = "DotNetMasterDemo", "DotNetMasterDemo\DotNetMasterDemo.csproj", "{9BEAD0C0-833F-4368-82D1-BAE30F38E6C5}"
EndProject
Global
	GlobalSection(SolutionConfigurationPlatforms) = preSolution
		Debug|Any CPU = Debug|Any CPU
		Debug|Mixed Platforms = Debug|Mixed Platforms
		Debug|Win32 = Debug|Win32
		Debug|x86 = Debug|x86
		Release|Any CPU = Release|Any CPU
		Release|Mixed Platforms = Release|Mixed Platforms
		Release|Win32 = Release|Win32
		Release|x86 = Release|x86
	EndGlobalSection
	GlobalSection(ProjectConfigurationPlatforms) = postSolution
		{F5DDA7D5-B5CC-47DF-923B-55049170C0D0}.Debug|Any CPU.ActiveCfg = Debug|Any CPU
		{F5DDA7D5-B5CC-47DF-923B-55049170C0D0}.Debug|Any CPU.Build.0 = Debug|Any CPU
		{F5DDA7D5-B5CC-47DF-923B-55049170C0D0}.Debug|Mixed Platforms.ActiveCfg = Debug|Any CPU
		{F5DDA7D5-B5CC-47DF-923B-55049170C0D0}.Debug|Mixed Platforms.Build.0 = Debug|Any CPU
		{F5DDA7D5-B5CC-47DF-923B-55049170C0D0}.Debug|Win32.ActiveCfg = Debug|Any CPU
		{F5DDA7D5-B5CC-47DF-923B-55049170C0D0}.Debug|x86.ActiveCfg = Debug|Any CPU
		{F5DDA7D5-B5CC-47DF-923B-55049170C0D0}.Debug|x86.Build.0 = Debug|Any CPU
		{F5DDA7D5-B5CC-47DF-923B-55049170C0D0}.Release|Any CPU.ActiveCfg = Release|Any CPU
		{F5DDA7D5-B5CC-47DF-923B-55049170C0D0}.Release|Any CPU.Build.0 = Release|Any CPU
		{F5DDA7D5-B5CC-47DF-923B-55049170C0D0}.Release|Mixed Platforms.ActiveCfg = Release|Any CPU
		{F5DDA7D5-B5CC-47DF-923B-55049170C0D0}.Release|Mixed Platforms.Build.0 = Release|Any CPU
		{F5DDA7D5-B5CC-47DF-923B-55049170C0D0}.Release|Win32.ActiveCfg = Release|Any CPU
		{F5DDA7D5-B5CC-47DF-923B-55049170C0D0}.Release|x86.ActiveCfg = Release|Any CPU
		{E053E7ED-F462-4DE0-8D69-6D97045FFB25}.Debug|Any CPU.ActiveCfg = Debug|Win32
		{E053E7ED-F462-4DE0-8D69-6D97045FFB25}.Debug|Mixed Platforms.ActiveCfg = Debug|Win32
		{E053E7ED-F462-4DE0-8D69-6D97045FFB25}.Debug|Mixed Platforms.Build.0 = Debug|Win32
		{E053E7ED-F462-4DE0-8D69-6D97045FFB25}.Debug|Win32.ActiveCfg = Debug|Win32
		{E053E7ED-F462-4DE0-8D69-6D97045FFB25}.Debug|Win32.Build.0 = Debug|Win32
		{E053E7ED-F462-4DE0-8D69-6D97045FFB25}.Debug|x86.ActiveCfg = Debug|Win32
		{E053E7ED-F462-4DE0-8D69-6D97045FFB25}.Debug|x86.Build.0 = Debug|Win32
		{E053E7ED-F462-4DE0-8D69-6D97045FFB25}.Release|Any CPU.ActiveCfg = Release|Win32
		{E053E7ED-F462-4DE0-8D69-6D97045FFB25}.Release|Mixed Platforms.ActiveCfg = Release|Win32
		{E053E7ED-F462-4DE0-8D69-6D97045FFB25}.Release|Mixed Platforms.Build.0 = Release|Win32
		{E053E7ED-F462-4DE0-8D69-6D97045FFB25}.Release|Win32.ActiveCfg = Release|Win32
		{E053E7ED-F462-4DE0-8D69-6D97045FFB25}.Release|Win32.Build.0 = Release|Win32
		{E053E7ED-F462-4DE0-8D69-6D97045FFB25}.Release|x86.ActiveCfg = Release|Win32
		{893D4C53-0729-480D-8F40-75E7139224DF}.Debug|Any CPU.ActiveCfg = Debug|Win32
		{893D4C53-0729-480D-8F40-75E7139224DF}.Debug|Mixed Platforms.ActiveCfg = Debug|Win32
		{893D4C53-0729-480D-8F40-75E7139224DF}.Debug|Mixed Platforms.Build.0 = Debug|Win32
		{893D4C53-0729-480D-8F40-75E7139224DF}.Debug|Win32.ActiveCfg = Debug|Win32
		{893D4C53-0729-480D-8F40-75E7139224DF}.Debug|Win32.Build.0 = Debug|Win32
		{893D4C53-0729-480D-8F40-75E7139224DF}.Debug|x86.ActiveCfg = Debug|Win32
		{893D4C53-0729-480D-8F40-75E7139224DF}.Debug|x86.Build.0 = Debug|Win32
		{893D4C53-0729-480D-8F40-75E7139224DF}.Release|Any CPU.ActiveCfg = Release|Win32
		{893D4C53-0729-480D-8F40-75E7139224DF}.Release|Mixed Platforms.ActiveCfg = Release|Win32
		{893D4C53-0729-480D-8F40-75E7139224DF}.Release|Mixed Platforms.Build.0 = Release|Win32
		{893D4C53-0729-480D-8F40-75E7139224DF}.Release|Win32.ActiveCfg = Release|Win32
		{893D4C53-0729-480D-8F40-75E7139224DF}.Release|Win32.Build.0 = Release|Win32
		{893D4C53-0729-480D-8F40-75E7139224DF}.Release|x86.ActiveCfg = Release|Win32
		{DE526D6F-CE9C-47E4-8783-12344FDBF581}.Debug|Any CPU.ActiveCfg = Debug|Win32
		{DE526D6F-CE9C-47E4-8783-12344FDBF581}.Debug|Mixed Platforms.ActiveCfg = Debug|Win32
		{DE526D6F-CE9C-47E4-8783-12344FDBF581}.Debug|Mixed Platforms.Build.0 = Debug|Win32
		{DE526D6F-CE9C-47E4-8783-12344FDBF581}.Debug|Win32.ActiveCfg = Debug|Win32
		{DE526D6F-CE9C-47E4-8783-12344FDBF581}.Debug|Win32.Build.0 = Debug|Win32
		{DE526D6F-CE9C-47E4-8783-12344FDBF581}.Debug|x86.ActiveCfg = Debug|Win32
		{DE526D6F-CE9C-47E4-8783-12344FDBF581}.Debug|x86.Build.0 = Debug|Win32
		{DE526D6F-CE9C-47E4-8783-12344FDBF581}.Release|Any CPU.ActiveCfg = Release|Win32
		{DE526D6F-CE9C-47E4-8783-12344FDBF581}.Release|Mixed Platforms.ActiveCfg = Release|Win32
		{DE526D6F-CE9C-47E4-8783-12344FDBF581}.Release|Mixed Platforms.Build.0 = Release|Win32
		{DE526D6F-CE9C-47E4-8783-12344FDBF581}.Release|Win32.ActiveCfg = Release|Win32
		{DE526D6F-CE9C-47E4-8783-12344FDBF581}.Release|Win32.Build.0 = Release|Win32
		{DE526D6F-CE9C-47E4-8783-12344FDBF581}.Release|x86.ActiveCfg = Release|Win32
		{547D1F36-8A34-4C48-B16D-9C3D60EFA505}.Debug|Any CPU.ActiveCfg = Debug|Win32
		{547D1F36-8A34-4C48-B16D-9C3D60EFA505}.Debug|Mixed Platforms.ActiveCfg = Debug|Win32
		{547D1F36-8A34-4C48-B16D-9C3D60EFA505}.Debug|Mixed Platforms.Build.0 = Debug|Win32
		{547D1F36-8A34-4C48-B16D-9C3D60EFA505}.Debug|Win32.ActiveCfg = Debug|Win32
		{547D1F36-8A34-4C48-B16D-9C3D60EFA505}.Debug|Win32.Build.0 = Debug|Win32
		{547D1F36-8A34-4C48-B16D-9C3D60EFA505}.Debug|x86.ActiveCfg = Debug|Win32
		{547D1F36-8A34-4C48-B16D-9C3D60EFA505}.Debug|x86.Build.0 = Debug|Win32
		{547D1F36-8A34-4C48-B16D-9C3D60EFA505}.Release|Any CPU.ActiveCfg = Release|Win32
		{547D1F36-8A34-4C48-B16D-9C3D60EFA505}.Release|Mixed Platforms.ActiveCfg = Release|Win32
		{547D1F36-8A34-4C48-B16D-9C3D60EFA505}.Release|Mixed Platforms.Build.0 = Release|Win32
		{547D1F36-8A34-4C48-B16D-9C3D60EFA505}.Release|Win32.ActiveCfg = Release|Win32
		{547D1F36-8A34-4C48-B16D-9C3D60EFA505}.Release|Win32.Build.0 = Release|Win32
		{547D1F36-8A34-4C48-B16D-9C3D60EFA505}.Release|x86.ActiveCfg = Release|Win32
		{220D8EB8-6C0C-416C-8BBB-F554431C29CD}.Debug|Any CPU.ActiveCfg = Debug|Win32
		{220D8EB8-6C0C-416C-8BBB-F554431C29CD}.Debug|Mixed Platforms.ActiveCfg = Debug|Win32
		{220D8EB8-6C0C-416C-8BBB-F554431C29CD}.Debug|Mixed Platforms.Build.0 = Debug|Win32
		{220D8EB8-6C0C-416C-8BBB-F554431C29CD}.Debug|Win32.ActiveCfg = Debug|Win32
		{220D8EB8-6C0C-416C-8BBB-F554431C29CD}.Debug|Win32.Build.0 = Debug|Win32
		{220D8EB8-6C0C-416C-8BBB-F554431C29CD}.Debug|x86.ActiveCfg = Debug|Win32
		{220D8EB8-6C0C-416C-8BBB-F554431C29CD}.Debug|x86.Build.0 = Debug|Win32
		{220D8EB8-6C0C-416C-8BBB-F554431C29CD}.Release|Any CPU.ActiveCfg = Release|Win32
		{220D8EB8-6C0C-416C-8BBB-F554431C29CD}.Release|Mixed Platforms.ActiveCfg = Release|Win32
		{220D8EB8-6C0C-416C-8BBB-F554431C29CD}.Release|Mixed Platforms.Build.0 = Release|Win32
		{220D8EB8-6C0C-416C-8BBB-F554431C29CD}.Release|Win32.ActiveCfg = Release|Win32
		{220D8EB8-6C0C-416C-8BBB-F554431C29CD}.Release|Win32.Build.0 = Release|Win32
		{220D8EB8-6C0C-416C-8BBB-F554431C29CD}.Release|x86.ActiveCfg = Release|Win32
		{FB9D36B0-102F-4E11-BF45-C80A3709D098}.Debug|Any CPU.ActiveCfg = Debug|Win32
		{FB9D36B0-102F-4E11-BF45-C80A3709D098}.Debug|Mixed Platforms.ActiveCfg = Debug|Win32
		{FB9D36B0-102F-4E11-BF45-C80A3709D098}.Debug|Mixed Platforms.Build.0 = Debug|Win32
		{FB9D36B0-102F-4E11-BF45-C80A3709D098}.Debug|Win32.ActiveCfg = Debug|Win32
		{FB9D36B0-102F-4E11-BF45-C80A3709D098}.Debug|Win32.Build.0 = Debug|Win32
		{FB9D36B0-102F-4E11-BF45-C80A3709D098}.Debug|x86.ActiveCfg = Debug|Win32
		{FB9D36B0-102F-4E11-BF45-C80A3709D098}.Debug|x86.Build.0 = Debug|Win32
		{FB9D36B0-102F-4E11-BF45-C80A3709D098}.Release|Any CPU.ActiveCfg = Release|Win32
		{FB9D36B0-102F-4E11-BF45-C80A3709D098}.Release|Mixed Platforms.ActiveCfg = Release|Win32
		{FB9D36B0-102F-4E11-BF45-C80A3709D098}.Release|Mixed Platforms.Build.0 = Release|Win32
		{FB9D36B0-102F-4E11-BF45-C80A3709D098}.Release|Win32.ActiveCfg = Release|Win32
		{FB9D36B0-102F-4E11-BF45-C80A3709D098}.Release|Win32.Build.0 = Release|Win32
		{FB9D36B0-102F-4E11-BF45-C80A3709D098}.Release|x86.ActiveCfg = Release|Win32
		{6AB7896D-E692-4075-9396-9B1C7AE6F704}.Debug|Any CPU.ActiveCfg = Debug|Win32
		{6AB7896D-E692-4075-9396-9B1C7AE6F704}.Debug|Mixed Platforms.ActiveCfg = Debug|Win32
		{6AB7896D-E692-4075-9396-9B1C7AE6F704}.Debug|Mixed Platforms.Build.0 = Debug|Win32
		{6AB7896D-E692-4075-9396-9B1C7AE6F704}.Debug|Win32.ActiveCfg = Debug|Win32
		{6AB7896D-E692-4075-9396-9B1C7AE6F704}.Debug|Win32.Build.0 = Debug|Win32
		{6AB7896D-E692-4075-9396-9B1C7AE6F704}.Debug|x86.ActiveCfg = Debug|Win32
		{6AB7896D-E692-4075-9396-9B1C7AE6F704}.Debug|x86.Build.0 = Debug|Win32
		{6AB7896D-E692-4075-9396-9B1C7AE6F704}.Release|Any CPU.ActiveCfg = Release|Win32
		{6AB7896D-E692-4075-9396-9B1C7AE6F704}.Release|Mixed Platforms.ActiveCfg = Release|Win32
		{6AB7896D-E692-4075-9396-9B1C7AE6F704}.Release|Mixed Platforms.Build.0 = Release|Win32
		{6AB7896D-E692-4075-9396-9B1C7AE6F704}.Release|Win32.ActiveCfg = Release|Win32
		{6AB7896D-E692-4075-9396-9B1C7AE6F704}.Release|Win32.Build.0 = Release|Win32
		{6AB7896D-E692-4075-9396-9B1C7AE6F704}.Release|x86.ActiveCfg = Release|Win32
		{761218B0-F2B7-42DA-9C9B-413FA34886DF}.Debug|Any CPU.ActiveCfg = Debug|Win32
		{761218B0-F2B7-42DA-9C9B-413FA34886DF}.Debug|Mixed Platforms.ActiveCfg = Debug|Win32
		{761218B0-F2B7-42DA-9C9B-413FA34886DF}.Debug|Mixed Platforms.Build.0 = Debug|Win32
		{761218B0-F2B7-42DA-9C9B-413FA34886DF}.Debug|Win32.ActiveCfg = Debug|Win32
		{761218B0-F2B7-42DA-9C9B-413FA34886DF}.Debug|Win32.Build.0 = Debug|Win32
		{761218B0-F2B7-42DA-9C9B-413FA34886DF}.Debug|x86.ActiveCfg = Debug|Win32
		{761218B0-F2B7-42DA-9C9B-413FA34886DF}.Debug|x86.Build.0 = Debug|Win32
		{761218B0-F2B7-42DA-9C9B-413FA34886DF}.Release|Any CPU.ActiveCfg = Release|Win32
		{761218B0-F2B7-42DA-9C9B-413FA34886DF}.Release|Mixed Platforms.ActiveCfg = Release|Win32
		{761218B0-F2B7-42DA-9C9B-413FA34886DF}.Release|Mixed Platforms.Build.0 = Release|Win32
		{761218B0-F2B7-42DA-9C9B-413FA34886DF}.Release|Win32.ActiveCfg = Release|Win32
		{761218B0-F2B7-42DA-9C9B-413FA34886DF}.Release|Win32.Build.0 = Release|Win32
		{761218B0-F2B7-42DA-9C9B-413FA34886DF}.Release|x86.ActiveCfg = Release|Win32
		{41D4B22B-F06E-4230-9AA8-3BFF096CC710}.Debug|Any CPU.ActiveCfg = Debug|Win32
		{41D4B22B-F06E-4230-9AA8-3BFF096CC710}.Debug|Mixed Platforms.ActiveCfg = Debug|Win32
		{41D4B22B-F06E-4230-9AA8-3BFF096CC710}.Debug|Mixed Platforms.Build.0 = Debug|Win32
		{41D4B22B-F06E-4230-9AA8-3BFF096CC710}.Debug|Win32.ActiveCfg = Debug|Win32
		{41D4B22B-F06E-4230-9AA8-3BFF096CC710}.Debug|Win32.Build.0 = Debug|Win32
		{41D4B22B-F06E-4230-9AA8-3BFF096CC710}.Debug|x86.ActiveCfg = Debug|Win32
		{41D4B22B-F06E-4230-9AA8-3BFF096CC710}.Debug|x86.Build.0 = Debug|Win32
		{41D4B22B-F06E-4230-9AA8-3BFF096CC710}.Release|Any CPU.ActiveCfg = Release|Win32
		{41D4B22B-F06E-4230-9AA8-3BFF096CC710}.Release|Mixed Platforms.ActiveCfg = Release|Win32
		{41D4B22B-F06E-4230-9AA8-3BFF096CC710}.Release|Mixed Platforms.Build.0 = Release|Win32
		{41D4B22B-F06E-4230-9AA8-3BFF096CC710}.Release|Win32.ActiveCfg = Release|Win32
		{41D4B22B-F06E-4230-9AA8-3BFF096CC710}.Release|Win32.Build.0 = Release|Win32
		{41D4B22B-F06E-4230-9AA8-3BFF096CC710}.Release|x86.ActiveCfg = Release|Win32
		{9BCA9E3F-3974-4B32-883D-9115160E4051}.Debug|Any CPU.ActiveCfg = Debug|Win32
		{9BCA9E3F-3974-4B32-883D-9115160E4051}.Debug|Mixed Platforms.ActiveCfg = Debug|Win32
		{9BCA9E3F-3974-4B32-883D-9115160E4051}.Debug|Mixed Platforms.Build.0 = Debug|Win32
		{9BCA9E3F-3974-4B32-883D-9115160E4051}.Debug|Win32.ActiveCfg = Debug|Win32
		{9BCA9E3F-3974-4B32-883D-9115160E4051}.Debug|Win32.Build.0 = Debug|Win32
		{9BCA9E3F-3974-4B32-883D-9115160E4051}.Debug|x86.ActiveCfg = Debug|Win32
		{9BCA9E3F-3974-4B32-883D-9115160E4051}.Debug|x86.Build.0 = Debug|Win32
		{9BCA9E3F-3974-4B32-883D-9115160E4051}.Release|Any CPU.ActiveCfg = Release|Win32
		{9BCA9E3F-3974-4B32-883D-9115160E4051}.Release|Mixed Platforms.ActiveCfg = Release|Win32
		{9BCA9E3F-3974-4B32-883D-9115160E4051}.Release|Mixed Platforms.Build.0 = Release|Win32
		{9BCA9E3F-3974-4B32-883D-9115160E4051}.Release|Win32.ActiveCfg = Release|Win32
		{9BCA9E3F-3974-4B32-883D-9115160E4051}.Release|Win32.Build.0 = Release|Win32
		{9BCA9E3F-3974-4B32-883D-9115160E4051}.Release|x86.ActiveCfg = Release|Win32
		{F1EB4FCC-3299-4574-AEA2-19B61F35966D}.Debug|Any CPU.ActiveCfg = Debug|Win32
		{F1EB4FCC-3299-4574-AEA2-19B61F35966D}.Debug|Mixed Platforms.ActiveCfg = Debug|Win32
		{F1EB4FCC-3299-4574-AEA2-19B61F35966D}.Debug|Mixed Platforms.Build.0 = Debug|Win32
		{F1EB4FCC-3299-4574-AEA2-19B61F35966D}.Debug|Win32.ActiveCfg = Debug|Win32
		{F1EB4FCC-3299-4574-AEA2-19B61F35966D}.Debug|Win32.Build.0 = Debug|Win32
		{F1EB4FCC-3299-4574-AEA2-19B61F35966D}.Debug|x86.ActiveCfg = Debug|Win32
		{F1EB4FCC-3299-4574-AEA2-19B61F35966D}.Debug|x86.Build.0 = Debug|Win32
		{F1EB4FCC-3299-4574-AEA2-19B61F35966D}.Release|Any CPU.ActiveCfg = Release|Win32
		{F1EB4FCC-3299-4574-AEA2-19B61F35966D}.Release|Mixed Platforms.ActiveCfg = Release|Win32
		{F1EB4FCC-3299-4574-AEA2-19B61F35966D}.Release|Mixed Platforms.Build.0 = Release|Win32
		{F1EB4FCC-3299-4574-AEA2-19B61F35966D}.Release|Win32.ActiveCfg = Release|Win32
		{F1EB4FCC-3299-4574-AEA2-19B61F35966D}.Release|Win32.Build.0 = Release|Win32
		{F1EB4FCC-3299-4574-AEA2-19B61F35966D}.Release|x86.ActiveCfg = Release|Win32
		{91323793-8551-4484-83DC-21AC9C18BD2E}.Debug|Any CPU.ActiveCfg = Debug|Win32
		{91323793-8551-4484-83DC-21AC9C18BD2E}.Debug|Mixed Platforms.ActiveCfg = Debug|Win32
		{91323793-8551-4484-83DC-21AC9C18BD2E}.Debug|Mixed Platforms.Build.0 = Debug|Win32
		{91323793-8551-4484-83DC-21AC9C18BD2E}.Debug|Win32.ActiveCfg = Debug|Win32
		{91323793-8551-4484-83DC-21AC9C18BD2E}.Debug|Win32.Build.0 = Debug|Win32
		{91323793-8551-4484-83DC-21AC9C18BD2E}.Debug|x86.ActiveCfg = Debug|Win32
		{91323793-8551-4484-83DC-21AC9C18BD2E}.Debug|x86.Build.0 = Debug|Win32
		{91323793-8551-4484-83DC-21AC9C18BD2E}.Release|Any CPU.ActiveCfg = Release|Win32
		{91323793-8551-4484-83DC-21AC9C18BD2E}.Release|Mixed Platforms.ActiveCfg = Release|Win32
		{91323793-8551-4484-83DC-21AC9C18BD2E}.Release|Mixed Platforms.Build.0 = Release|Win32
		{91323793-8551-4484-83DC-21AC9C18BD2E}.Release|Win32.ActiveCfg = Release|Win32
		{91323793-8551-4484-83DC-21AC9C18BD2E}.Release|Win32.Build.0 = Release|Win32
		{91323793-8551-4484-83DC-21AC9C18BD2E}.Release|x86.ActiveCfg = Release|Win32
		{ADDD6B3A-FFAE-4534-B27B-2795CEE8D2AD}.Debug|Any CPU.ActiveCfg = Debug|Win32
		{ADDD6B3A-FFAE-4534-B27B-2795CEE8D2AD}.Debug|Mixed Platforms.ActiveCfg = Debug|Win32
		{ADDD6B3A-FFAE-4534-B27B-2795CEE8D2AD}.Debug|Win32.ActiveCfg = Debug|Win32
		{ADDD6B3A-FFAE-4534-B27B-2795CEE8D2AD}.Debug|Win32.Build.0 = Debug|Win32
		{ADDD6B3A-FFAE-4534-B27B-2795CEE8D2AD}.Debug|x86.ActiveCfg = Debug|Win32
		{ADDD6B3A-FFAE-4534-B27B-2795CEE8D2AD}.Debug|x86.Build.0 = Debug|Win32
		{ADDD6B3A-FFAE-4534-B27B-2795CEE8D2AD}.Release|Any CPU.ActiveCfg = Release|Win32
		{ADDD6B3A-FFAE-4534-B27B-2795CEE8D2AD}.Release|Mixed Platforms.ActiveCfg = Release|Win32
		{ADDD6B3A-FFAE-4534-B27B-2795CEE8D2AD}.Release|Mixed Platforms.Build.0 = Release|Win32
		{ADDD6B3A-FFAE-4534-B27B-2795CEE8D2AD}.Release|Win32.ActiveCfg = Release|Win32
		{ADDD6B3A-FFAE-4534-B27B-2795CEE8D2AD}.Release|Win32.Build.0 = Release|Win32
		{ADDD6B3A-FFAE-4534-B27B-2795CEE8D2AD}.Release|x86.ActiveCfg = Release|Win32
		{9FAD9888-9441-4ACF-8750-90AFEA9F938A}.Debug|Any CPU.ActiveCfg = Debug
		{9FAD9888-9441-4ACF-8750-90AFEA9F938A}.Debug|Mixed Platforms.ActiveCfg = Debug
		{9FAD9888-9441-4ACF-8750-90AFEA9F938A}.Debug|Win32.ActiveCfg = Debug
		{9FAD9888-9441-4ACF-8750-90AFEA9F938A}.Debug|x86.ActiveCfg = Debug
		{9FAD9888-9441-4ACF-8750-90AFEA9F938A}.Debug|x86.Build.0 = Debug
		{9FAD9888-9441-4ACF-8750-90AFEA9F938A}.Release|Any CPU.ActiveCfg = Release
		{9FAD9888-9441-4ACF-8750-90AFEA9F938A}.Release|Mixed Platforms.ActiveCfg = Release
		{9FAD9888-9441-4ACF-8750-90AFEA9F938A}.Release|Mixed Platforms.Build.0 = Release
		{9FAD9888-9441-4ACF-8750-90AFEA9F938A}.Release|Win32.ActiveCfg = Release
		{9FAD9888-9441-4ACF-8750-90AFEA9F938A}.Release|x86.ActiveCfg = Release
		{9FAD9888-9441-4ACF-8750-90AFEA9F938A}.Release|x86.Build.0 = Release
		{9C4EC600-DE0F-4042-BE12-F4BAF605A49C}.Debug|Any CPU.ActiveCfg = Debug|Win32
		{9C4EC600-DE0F-4042-BE12-F4BAF605A49C}.Debug|Mixed Platforms.ActiveCfg = Debug|Win32
		{9C4EC600-DE0F-4042-BE12-F4BAF605A49C}.Debug|Mixed Platforms.Build.0 = Debug|Win32
		{9C4EC600-DE0F-4042-BE12-F4BAF605A49C}.Debug|Win32.ActiveCfg = Debug|Win32
		{9C4EC600-DE0F-4042-BE12-F4BAF605A49C}.Debug|Win32.Build.0 = Debug|Win32
		{9C4EC600-DE0F-4042-BE12-F4BAF605A49C}.Debug|x86.ActiveCfg = Debug|Win32
		{9C4EC600-DE0F-4042-BE12-F4BAF605A49C}.Debug|x86.Build.0 = Debug|Win32
		{9C4EC600-DE0F-4042-BE12-F4BAF605A49C}.Release|Any CPU.ActiveCfg = Release|Win32
		{9C4EC600-DE0F-4042-BE12-F4BAF605A49C}.Release|Mixed Platforms.ActiveCfg = Release|Win32
		{9C4EC600-DE0F-4042-BE12-F4BAF605A49C}.Release|Mixed Platforms.Build.0 = Release|Win32
		{9C4EC600-DE0F-4042-BE12-F4BAF605A49C}.Release|Win32.ActiveCfg = Release|Win32
		{9C4EC600-DE0F-4042-BE12-F4BAF605A49C}.Release|Win32.Build.0 = Release|Win32
		{9C4EC600-DE0F-4042-BE12-F4BAF605A49C}.Release|x86.ActiveCfg = Release|Win32
		{02A532F5-D728-41F6-B3B8-19823DD20CD5}.Debug|Any CPU.ActiveCfg = Debug|Win32
		{02A532F5-D728-41F6-B3B8-19823DD20CD5}.Debug|Mixed Platforms.ActiveCfg = Debug|Win32
		{02A532F5-D728-41F6-B3B8-19823DD20CD5}.Debug|Mixed Platforms.Build.0 = Debug|Win32
		{02A532F5-D728-41F6-B3B8-19823DD20CD5}.Debug|Win32.ActiveCfg = Debug|Win32
		{02A532F5-D728-41F6-B3B8-19823DD20CD5}.Debug|Win32.Build.0 = Debug|Win32
		{02A532F5-D728-41F6-B3B8-19823DD20CD5}.Debug|x86.ActiveCfg = Debug|Win32
		{02A532F5-D728-41F6-B3B8-19823DD20CD5}.Debug|x86.Build.0 = Debug|Win32
		{02A532F5-D728-41F6-B3B8-19823DD20CD5}.Release|Any CPU.ActiveCfg = Release|Win32
		{02A532F5-D728-41F6-B3B8-19823DD20CD5}.Release|Mixed Platforms.ActiveCfg = Release|Win32
		{02A532F5-D728-41F6-B3B8-19823DD20CD5}.Release|Mixed Platforms.Build.0 = Release|Win32
		{02A532F5-D728-41F6-B3B8-19823DD20CD5}.Release|Win32.ActiveCfg = Release|Win32
		{02A532F5-D728-41F6-B3B8-19823DD20CD5}.Release|Win32.Build.0 = Release|Win32
		{02A532F5-D728-41F6-B3B8-19823DD20CD5}.Release|x86.ActiveCfg = Release|Win32
		{686B212F-3FE0-455A-B78B-0980D9F2F837}.Debug|Any CPU.ActiveCfg = Debug|Win32
		{686B212F-3FE0-455A-B78B-0980D9F2F837}.Debug|Mixed Platforms.ActiveCfg = Debug|Win32
		{686B212F-3FE0-455A-B78B-0980D9F2F837}.Debug|Mixed Platforms.Build.0 = Debug|Win32
		{686B212F-3FE0-455A-B78B-0980D9F2F837}.Debug|Win32.ActiveCfg = Debug|Win32
		{686B212F-3FE0-455A-B78B-0980D9F2F837}.Debug|Win32.Build.0 = Debug|Win32
		{686B212F-3FE0-455A-B78B-0980D9F2F837}.Debug|x86.ActiveCfg = Debug|Win32
		{686B212F-3FE0-455A-B78B-0980D9F2F837}.Debug|x86.Build.0 = Debug|Win32
		{686B212F-3FE0-455A-B78B-0980D9F2F837}.Release|Any CPU.ActiveCfg = Release|Win32
		{686B212F-3FE0-455A-B78B-0980D9F2F837}.Release|Mixed Platforms.ActiveCfg = Release|Win32
		{686B212F-3FE0-455A-B78B-0980D9F2F837}.Release|Mixed Platforms.Build.0 = Release|Win32
		{686B212F-3FE0-455A-B78B-0980D9F2F837}.Release|Win32.ActiveCfg = Release|Win32
		{686B212F-3FE0-455A-B78B-0980D9F2F837}.Release|Win32.Build.0 = Release|Win32
		{686B212F-3FE0-455A-B78B-0980D9F2F837}.Release|x86.ActiveCfg = Release|Win32
		{9BEAD0C0-833F-4368-82D1-BAE30F38E6C5}.Debug|Any CPU.ActiveCfg = Debug|x86
		{9BEAD0C0-833F-4368-82D1-BAE30F38E6C5}.Debug|Mixed Platforms.ActiveCfg = Debug|x86
		{9BEAD0C0-833F-4368-82D1-BAE30F38E6C5}.Debug|Mixed Platforms.Build.0 = Debug|x86
		{9BEAD0C0-833F-4368-82D1-BAE30F38E6C5}.Debug|Win32.ActiveCfg = Debug|x86
		{9BEAD0C0-833F-4368-82D1-BAE30F38E6C5}.Debug|x86.ActiveCfg = Debug|x86
		{9BEAD0C0-833F-4368-82D1-BAE30F38E6C5}.Debug|x86.Build.0 = Debug|x86
		{9BEAD0C0-833F-4368-82D1-BAE30F38E6C5}.Release|Any CPU.ActiveCfg = Release|x86
		{9BEAD0C0-833F-4368-82D1-BAE30F38E6C5}.Release|Mixed Platforms.ActiveCfg = Release|x86
		{9BEAD0C0-833F-4368-82D1-BAE30F38E6C5}.Release|Mixed Platforms.Build.0 = Release|x86
		{9BEAD0C0-833F-4368-82D1-BAE30F38E6C5}.Release|Win32.ActiveCfg = Release|x86
		{9BEAD0C0-833F-4368-82D1-BAE30F38E6C5}.Release|x86.ActiveCfg = Release|x86
		{9BEAD0C0-833F-4368-82D1-BAE30F38E6C5}.Release|x86.Build.0 = Release|x86
	EndGlobalSection
	GlobalSection(SolutionProperties) = preSolution
		HideSolutionNode = FALSE
	EndGlobalSection
	GlobalSection(NestedProjects) = preSolution
		{9C4EC600-DE0F-4042-BE12-F4BAF605A49C} = {CE05D40B-B770-42DB-91AE-BC14AAF7A413}
		{02A532F5-D728-41F6-B3B8-19823DD20CD5} = {CE05D40B-B770-42DB-91AE-BC14AAF7A413}
		{9BEAD0C0-833F-4368-82D1-BAE30F38E6C5} = {CE05D40B-B770-42DB-91AE-BC14AAF7A413}
	EndGlobalSection
EndGlobal
